
Microsoft Visual Studio Solution File, Format Version 12.00
# Visual Studio Version 17
VisualStudioVersion = 17.4.33213.308
MinimumVisualStudioVersion = 10.0.40219.1
Project("{FAE04EC0-301F-11D3-BF4B-00C04F79EFBC}") = "zad1", "zad1\zad1.csproj", "{3C279AFB-54FC-49A7-8A9C-0F68AB0CBF90}"
EndProject
Global
	GlobalSection(SolutionConfigurationPlatforms) = preSolution
		Debug|Any CPU = Debug|Any CPU
		Release|Any CPU = Release|Any CPU
	EndGlobalSection
	GlobalSection(ProjectConfigurationPlatforms) = postSolution
		{3C279AFB-54FC-49A7-8A9C-0F68AB0CBF90}.Debug|Any CPU.ActiveCfg = Debug|Any CPU
		{3C279AFB-54FC-49A7-8A9C-0F68AB0CBF90}.Debug|Any CPU.Build.0 = Debug|Any CPU
		{3C279AFB-54FC-49A7-8A9C-0F68AB0CBF90}.Release|Any CPU.ActiveCfg = Release|Any CPU
		{3C279AFB-54FC-49A7-8A9C-0F68AB0CBF90}.Release|Any CPU.Build.0 = Release|Any CPU
	EndGlobalSection
	GlobalSection(SolutionProperties) = preSolution
		HideSolutionNode = FALSE
	EndGlobalSection
	GlobalSection(ExtensibilityGlobals) = postSolution
		SolutionGuid = {CD69A3AD-845F-44AE-9B40-BBD3C0DFA0E1}
	EndGlobalSection
EndGlobal
